PODS:
  - Capacitor (8.0.1):
    - CapacitorCordova
  - CapacitorApp (8.0.1-nightly-20260116T150806.0):
    - Capacitor
  - CapacitorBrowser (8.0.0):
    - Capacitor
  - CapacitorCordova (8.0.1)

DEPENDENCIES:
  - "Capacitor (from `../../node_modules/@capacitor/ios`)"
  - "CapacitorApp (from `../../node_modules/@capacitor/app`)"
  - "CapacitorBrowser (from `../../node_modules/@capacitor/browser`)"
  - "CapacitorCordova (from `../../node_modules/@capacitor/ios`)"

EXTERNAL SOURCES:
  Capacitor:
    :path: "../../node_modules/@capacitor/ios"
  CapacitorApp:
    :path: "../../node_modules/@capacitor/app"
  CapacitorBrowser:
    :path: "../../node_modules/@capacitor/browser"
  CapacitorCordova:
    :path: "../../node_modules/@capacitor/ios"

SPEC CHECKSUMS:
  Capacitor: ff35b0f66370b84aa238251b35b91886a3207c16
  CapacitorApp: b7d45ddd974b77cd412bb47239b333e719aab209
  CapacitorBrowser: b7d7f05f840fe042e46f6528bb8db853e3058fb2
  CapacitorCordova: 0d65b9bb74e995dcecb9463f34f1af2aba6f955c

PODFILE CHECKSUM: 9defe7e3f6773aed9e8e16b317735d2f56b846b2

COCOAPODS: 1.16.2
